
Microsoft Visual Studio Solution File, Format Version 12.00
# Visual Studio Version 17
VisualStudioVersion = 17.7.34221.43
MinimumVisualStudioVersion = 10.0.40219.1
Project("{FAE04EC0-301F-11D3-BF4B-00C04F79EFBC}") = "App-gestionArticulos", "App-gestionArticulos\App-gestionArticulos.csproj", "{6FF3CB2F-F069-4679-9685-01EDBD2FF5AC}"
EndProject
Project("{FAE04EC0-301F-11D3-BF4B-00C04F79EFBC}") = "dominio", "dominio\dominio.csproj", "{A682F6C6-FC0A-4D27-9440-364616E5F537}"
EndProject
Project("{FAE04EC0-301F-11D3-BF4B-00C04F79EFBC}") = "negocio", "negocio\negocio.csproj", "{B8BD26B3-52C1-4280-94E4-6F598B10C036}"
EndProject
Global
	GlobalSection(SolutionConfigurationPlatforms) = preSolution
		Debug|Any CPU = Debug|Any CPU
		Release|Any CPU = Release|Any CPU
	EndGlobalSection
	GlobalSection(ProjectConfigurationPlatforms) = postSolution
		{6FF3CB2F-F069-4679-9685-01EDBD2FF5AC}.Debug|Any CPU.ActiveCfg = Debug|Any CPU
		{6FF3CB2F-F069-4679-9685-01EDBD2FF5AC}.Debug|Any CPU.Build.0 = Debug|Any CPU
		{6FF3CB2F-F069-4679-9685-01EDBD2FF5AC}.Release|Any CPU.ActiveCfg = Release|Any CPU
		{6FF3CB2F-F069-4679-9685-01EDBD2FF5AC}.Release|Any CPU.Build.0 = Release|Any CPU
		{A682F6C6-FC0A-4D27-9440-364616E5F537}.Debug|Any CPU.ActiveCfg = Debug|Any CPU
		{A682F6C6-FC0A-4D27-9440-364616E5F537}.Debug|Any CPU.Build.0 = Debug|Any CPU
		{A682F6C6-FC0A-4D27-9440-364616E5F537}.Release|Any CPU.ActiveCfg = Release|Any CPU
		{A682F6C6-FC0A-4D27-9440-364616E5F537}.Release|Any CPU.Build.0 = Release|Any CPU
		{B8BD26B3-52C1-4280-94E4-6F598B10C036}.Debug|Any CPU.ActiveCfg = Debug|Any CPU
		{B8BD26B3-52C1-4280-94E4-6F598B10C036}.Debug|Any CPU.Build.0 = Debug|Any CPU
		{B8BD26B3-52C1-4280-94E4-6F598B10C036}.Release|Any CPU.ActiveCfg = Release|Any CPU
		{B8BD26B3-52C1-4280-94E4-6F598B10C036}.Release|Any CPU.Build.0 = Release|Any CPU
	EndGlobalSection
	GlobalSection(SolutionProperties) = preSolution
		HideSolutionNode = FALSE
	EndGlobalSection
	GlobalSection(ExtensibilityGlobals) = postSolution
		SolutionGuid = {479BB4B8-5DF6-405E-9939-A14AD1C15C9F}
	EndGlobalSection
EndGlobal
